
Microsoft Visual Studio Solution File, Format Version 12.00
# Visual Studio 15
VisualStudioVersion = 15.0.28010.2048
MinimumVisualStudioVersion = 10.0.40219.1
Project("{FAE04EC0-301F-11D3-BF4B-00C04F79EFBC}") = "AltSource.Api", "AltSource\AltSource.Api\AltSource.Api.csproj", "{A0A51039-C9C4-436C-A73B-832B13C76532}"
EndProject
Project("{FAE04EC0-301F-11D3-BF4B-00C04F79EFBC}") = "AltSource.Domain", "AltSource\AltSource.Domain\AltSource.Domain.csproj", "{ED49FE4E-3499-4CE8-AA98-DA50EE1C0D8B}"
EndProject
Project("{FAE04EC0-301F-11D3-BF4B-00C04F79EFBC}") = "AltSource.Entity", "AltSource\AltSource.Entity\AltSource.Entity.csproj", "{97BF7212-B10E-4A20-B7BC-E44CF24056D7}"
EndProject
Global
	GlobalSection(SolutionConfigurationPlatforms) = preSolution
		Debug|Any CPU = Debug|Any CPU
		Release|Any CPU = Release|Any CPU
	EndGlobalSection
	GlobalSection(ProjectConfigurationPlatforms) = postSolution
		{A0A51039-C9C4-436C-A73B-832B13C76532}.Debug|Any CPU.ActiveCfg = Debug|Any CPU
		{A0A51039-C9C4-436C-A73B-832B13C76532}.Debug|Any CPU.Build.0 = Debug|Any CPU
		{A0A51039-C9C4-436C-A73B-832B13C76532}.Release|Any CPU.ActiveCfg = Release|Any CPU
		{A0A51039-C9C4-436C-A73B-832B13C76532}.Release|Any CPU.Build.0 = Release|Any CPU
		{ED49FE4E-3499-4CE8-AA98-DA50EE1C0D8B}.Debug|Any CPU.ActiveCfg = Debug|Any CPU
		{ED49FE4E-3499-4CE8-AA98-DA50EE1C0D8B}.Debug|Any CPU.Build.0 = Debug|Any CPU
		{ED49FE4E-3499-4CE8-AA98-DA50EE1C0D8B}.Release|Any CPU.ActiveCfg = Release|Any CPU
		{ED49FE4E-3499-4CE8-AA98-DA50EE1C0D8B}.Release|Any CPU.Build.0 = Release|Any CPU
		{97BF7212-B10E-4A20-B7BC-E44CF24056D7}.Debug|Any CPU.ActiveCfg = Debug|Any CPU
		{97BF7212-B10E-4A20-B7BC-E44CF24056D7}.Debug|Any CPU.Build.0 = Debug|Any CPU
		{97BF7212-B10E-4A20-B7BC-E44CF24056D7}.Release|Any CPU.ActiveCfg = Release|Any CPU
		{97BF7212-B10E-4A20-B7BC-E44CF24056D7}.Release|Any CPU.Build.0 = Release|Any CPU
	EndGlobalSection
	GlobalSection(SolutionProperties) = preSolution
		HideSolutionNode = FALSE
	EndGlobalSection
	GlobalSection(ExtensibilityGlobals) = postSolution
		SolutionGuid = {E696F0B9-C999-455C-A2BE-4005BF44AB38}
	EndGlobalSection
EndGlobal
